
Microsoft Visual Studio Solution File, Format Version 12.00
# Visual Studio Version 16
VisualStudioVersion = 16.0.29215.179
MinimumVisualStudioVersion = 10.0.40219.1
Project("{FAE04EC0-301F-11D3-BF4B-00C04F79EFBC}") = "ReactImageCategories.Web", "ReactImageCategories.Web\ReactImageCategories.Web.csproj", "{BEE30F03-9E64-4ADC-AB23-42954D235424}"
EndProject
Project("{FAE04EC0-301F-11D3-BF4B-00C04F79EFBC}") = "ReactImageCategories.Data", "ReactImageCategories.Data\ReactImageCategories.Data.csproj", "{411CFB95-0144-4BFA-8E1E-7C0C9A24437D}"
EndProject
Global
	GlobalSection(SolutionConfigurationPlatforms) = preSolution
		Debug|Any CPU = Debug|Any CPU
		Release|Any CPU = Release|Any CPU
	EndGlobalSection
	GlobalSection(ProjectConfigurationPlatforms) = postSolution
		{BEE30F03-9E64-4ADC-AB23-42954D235424}.Debug|Any CPU.ActiveCfg = Debug|Any CPU
		{BEE30F03-9E64-4ADC-AB23-42954D235424}.Debug|Any CPU.Build.0 = Debug|Any CPU
		{BEE30F03-9E64-4ADC-AB23-42954D235424}.Release|Any CPU.ActiveCfg = Release|Any CPU
		{BEE30F03-9E64-4ADC-AB23-42954D235424}.Release|Any CPU.Build.0 = Release|Any CPU
		{411CFB95-0144-4BFA-8E1E-7C0C9A24437D}.Debug|Any CPU.ActiveCfg = Debug|Any CPU
		{411CFB95-0144-4BFA-8E1E-7C0C9A24437D}.Debug|Any CPU.Build.0 = Debug|Any CPU
		{411CFB95-0144-4BFA-8E1E-7C0C9A24437D}.Release|Any CPU.ActiveCfg = Release|Any CPU
		{411CFB95-0144-4BFA-8E1E-7C0C9A24437D}.Release|Any CPU.Build.0 = Release|Any CPU
	EndGlobalSection
	GlobalSection(SolutionProperties) = preSolution
		HideSolutionNode = FALSE
	EndGlobalSection
	GlobalSection(ExtensibilityGlobals) = postSolution
		SolutionGuid = {2D666E2B-A4C6-47C1-8C77-85A0BCA146C8}
	EndGlobalSection
EndGlobal
